# This file is automatically @generated by Cargo.
# It is not intended for manual editing.
version = 4

[[package]]
name = "dlp-crypto"
version = "0.1.0"

[[package]]
name = "dlp-domain"
version = "0.1.0"

[[package]]
name = "dlp-policy"
version = "0.1.0"
dependencies = [
 "dlp-domain",
]

[[package]]
name = "dlp-protocol"
version = "0.1.0"
dependencies = [
 "dlp-domain",
]

[[package]]
name = "dlp-storage"
version = "0.1.0"
